// !$*UTF8*$!
{
	archiveVersion = 1;
	classes = {
	};
	objectVersion = 77;
	objects = {

/* Begin PBXBuildFile section */
		3F27EE852E01110200CDB10B /* GRPCCodeGen in Frameworks */ = {isa = PBXBuildFile; productRef = 3F27EE842E01110200CDB10B /* GRPCCodeGen */; };
		3F31637B2DF48B2700B3CA0B /* GoogleSignIn in Frameworks */ = {isa = PBXBuildFile; productRef = 3F31637A2DF48B2700B3CA0B /* GoogleSignIn */; };
		3F31637D2DF48B2700B3CA0B /* GoogleSignInSwift in Frameworks */ = {isa = PBXBuildFile; productRef = 3F31637C2DF48B2700B3CA0B /* GoogleSignInSwift */; };
		3F76076C2E00FDF900A04914 /* GRPCNIOTransportHTTP2 in Frameworks */ = {isa = PBXBuildFile; productRef = 3F76076B2E00FDF900A04914 /* GRPCNIOTransportHTTP2 */; };
		3F76076F2E00FE2800A04914 /* GRPCProtobuf in Frameworks */ = {isa = PBXBuildFile; productRef = 3F76076E2E00FE2800A04914 /* GRPCProtobuf */; };
		3F7607722E01000600A04914 /* GRPCCore in Frameworks */ = {isa = PBXBuildFile; productRef = 3F7607712E01000600A04914 /* GRPCCore */; };
		3F7F2AA72E011E2F00C6329A /* FirebaseMessaging in Frameworks */ = {isa = PBXBuildFile; productRef = 3F7F2AA62E011E2F00C6329A /* FirebaseMessaging */; };
		3F7F2AA92E011F5B00C6329A /* FirebaseAI in Frameworks */ = {isa = PBXBuildFile; productRef = 3F7F2AA82E011F5B00C6329A /* FirebaseAI */; };
		3F7F2AAB2E011F5B00C6329A /* FirebaseAnalytics in Frameworks */ = {isa = PBXBuildFile; productRef = 3F7F2AAA2E011F5B00C6329A /* FirebaseAnalytics */; };
		3F7F2AAD2E011F5B00C6329A /* FirebaseAnalyticsCore in Frameworks */ = {isa = PBXBuildFile; productRef = 3F7F2AAC2E011F5B00C6329A /* FirebaseAnalyticsCore */; };
		3F7F2AAF2E011F5B00C6329A /* FirebaseAppCheck in Frameworks */ = {isa = PBXBuildFile; productRef = 3F7F2AAE2E011F5B00C6329A /* FirebaseAppCheck */; };
		3F7F2AB12E011F5B00C6329A /* FirebaseAuth in Frameworks */ = {isa = PBXBuildFile; productRef = 3F7F2AB02E011F5B00C6329A /* FirebaseAuth */; };
		3F7F2AB32E011F5B00C6329A /* FirebaseCrashlytics in Frameworks */ = {isa = PBXBuildFile; productRef = 3F7F2AB22E011F5B00C6329A /* FirebaseCrashlytics */; };
		3F7F2AB52E011F5B00C6329A /* FirebaseFirestore in Frameworks */ = {isa = PBXBuildFile; productRef = 3F7F2AB42E011F5B00C6329A /* FirebaseFirestore */; };
		3F7F2AB72E011F5B00C6329A /* FirebasePerformance in Frameworks */ = {isa = PBXBuildFile; productRef = 3F7F2AB62E011F5B00C6329A /* FirebasePerformance */; };
		3F7F2AB92E011F5B00C6329A /* FirebaseRemoteConfig in Frameworks */ = {isa = PBXBuildFile; productRef = 3F7F2AB82E011F5B00C6329A /* FirebaseRemoteConfig */; };
		3F7F2ABB2E011F5B00C6329A /* FirebaseStorage in Frameworks */ = {isa = PBXBuildFile; productRef = 3F7F2ABA2E011F5B00C6329A /* FirebaseStorage */; };
		3F7F2ABD2E011F5B00C6329A /* FirebaseVertexAI in Frameworks */ = {isa = PBXBuildFile; productRef = 3F7F2ABC2E011F5B00C6329A /* FirebaseVertexAI */; };
		3FB242192DFE66AB00641883 /* SwiftProtobuf in Frameworks */ = {isa = PBXBuildFile; productRef = 3FB242182DFE66AB00641883 /* SwiftProtobuf */; };
		3FF0E69C2DF7E18C00E45E1E /* WhisperKit in Frameworks */ = {isa = PBXBuildFile; productRef = 3FF0E69B2DF7E18C00E45E1E /* WhisperKit */; };
/* End PBXBuildFile section */

/* Begin PBXContainerItemProxy section */
		3F3163452DF3F0A000B3CA0B /* PBXContainerItemProxy */ = {
			isa = PBXContainerItemProxy;
			containerPortal = 3F31632C2DF3F09F00B3CA0B /* Project object */;
			proxyType = 1;
			remoteGlobalIDString = 3F3163332DF3F09F00B3CA0B;
			remoteInfo = "class-notes-frontend";
		};
		3F31634F2DF3F0A000B3CA0B /* PBXContainerItemProxy */ = {
			isa = PBXContainerItemProxy;
			containerPortal = 3F31632C2DF3F09F00B3CA0B /* Project object */;
			proxyType = 1;
			remoteGlobalIDString = 3F3163332DF3F09F00B3CA0B;
			remoteInfo = "class-notes-frontend";
		};
/* End PBXContainerItemProxy section */

/* Begin PBXFileReference section */
		3F3163342DF3F09F00B3CA0B /* class-notes-frontend.app */ = {isa = PBXFileReference; explicitFileType = wrapper.application; includeInIndex = 0; path = "class-notes-frontend.app"; sourceTree = BUILT_PRODUCTS_DIR; };
		3F3163442DF3F0A000B3CA0B /* class-notes-frontendTests.xctest */ = {isa = PBXFileReference; explicitFileType = wrapper.cfbundle; includeInIndex = 0; path = "class-notes-frontendTests.xctest"; sourceTree = BUILT_PRODUCTS_DIR; };
		3F31634E2DF3F0A000B3CA0B /* class-notes-frontendUITests.xctest */ = {isa = PBXFileReference; explicitFileType = wrapper.cfbundle; includeInIndex = 0; path = "class-notes-frontendUITests.xctest"; sourceTree = BUILT_PRODUCTS_DIR; };
/* End PBXFileReference section */

/* Begin PBXFileSystemSynchronizedBuildFileExceptionSet section */
		3F3163D42DF661B300B3CA0B /* Exceptions for "class-notes-frontend" folder in "class-notes-frontend" target */ = {
			isa = PBXFileSystemSynchronizedBuildFileExceptionSet;
			membershipExceptions = (
				.cursor/rules/accessibility.mdc,
				.cursor/rules/audio.mdc,
				.cursor/rules/authentication.mdc,
				.cursor/rules/canvas.mdc,
				.cursor/rules/main.mdc,
				.cursor/rules/networking.mdc,
				.cursor/rules/notifications.mdc,
				.cursor/rules/performance.mdc,
				.cursor/rules/README.md,
				.cursor/rules/storage.mdc,
				.cursor/rules/swiftui.mdc,
				.cursor/rules/testing.mdc,
				.cursor/settings.json,
				.gitignore,
				.swiftlint.yml,
				.xcodesyncignore,
				ADD_GOOGLE_SIGNIN_PACKAGE.md,
				APPLE_SIGNIN_SETUP.md,
				ARCHITECTURE.md,
				buf.gen.yaml,
				ClassNotes/Core/Networking/gRPC/Interceptors/GRPC_V2_INTERCEPTOR_MIGRATION.md,
				ClassNotes/Core/Networking/gRPC/Interceptors/README.md,
				ClassNotes/Core/Networking/gRPC/README.md,
				"ClassNotes/Core/Services/BUNDLED-MODEL-SETUP.md",
				"ClassNotes/Core/Services/WhisperKit-README.md",
				ClassNotes/Lessons/PENCILKIT_INTEGRATION.md,
				CONFIGURE_OAUTH_IDS.md,
				CONTRIBUTING.md,
				CURSOR_WORKFLOW.md,
				download_official_google_logo.sh,
				FIND_BUNDLE_ID.md,
				fix_project.py,
				generate_app_icons.py,
				GoogleSignInSetup.md,
				GRPC_SWIFT_2_MIGRATION.md,
				GRPC_SWIFT_V2_MIGRATION_COMPLETE.md,
				Info.plist,
				LICENSE,
				README.md,
				requirements.txt,
				"Scripts/check-build.sh",
				"Scripts/generate-protos-simple.sh",
				"Scripts/generate-protos-v2.sh",
				"Scripts/generate-protos.sh",
				"Scripts/generate-subscription-proto.sh.OLD",
				"Scripts/install-grpc-tools.sh",
				"Scripts/quick-start.sh",
				"Scripts/run-tests.sh",
				"Scripts/xcode-build.sh",
				SIMULATOR_TESTING_GUIDE.md,
				"WhisperKitModels/openai_whisper-medium/config.json",
				"WhisperKitModels/openai_whisper-medium/generation_config.json",
			);
			target = 3F3163332DF3F09F00B3CA0B /* class-notes-frontend */;
		};
/* End PBXFileSystemSynchronizedBuildFileExceptionSet section */

/* Begin PBXFileSystemSynchronizedRootGroup section */
		3F3163362DF3F09F00B3CA0B /* class-notes-frontend */ = {
			isa = PBXFileSystemSynchronizedRootGroup;
			exceptions = (
				3F3163D42DF661B300B3CA0B /* Exceptions for "class-notes-frontend" folder in "class-notes-frontend" target */,
			);
			path = "class-notes-frontend";
			sourceTree = "<group>";
		};
		3F3163472DF3F0A000B3CA0B /* class-notes-frontendTests */ = {
			isa = PBXFileSystemSynchronizedRootGroup;
			path = "class-notes-frontendTests";
			sourceTree = "<group>";
		};
		3F3163512DF3F0A000B3CA0B /* class-notes-frontendUITests */ = {
			isa = PBXFileSystemSynchronizedRootGroup;
			path = "class-notes-frontendUITests";
			sourceTree = "<group>";
		};
/* End PBXFileSystemSynchronizedRootGroup section */

/* Begin PBXFrameworksBuildPhase section */
		3F3163312DF3F09F00B3CA0B /* Frameworks */ = {
			isa = PBXFrameworksBuildPhase;
			buildActionMask = 2147483647;
			files = (
				3F7F2AA72E011E2F00C6329A /* FirebaseMessaging in Frameworks */,
				3F7F2AAF2E011F5B00C6329A /* FirebaseAppCheck in Frameworks */,
				3F76076F2E00FE2800A04914 /* GRPCProtobuf in Frameworks */,
				3F76076C2E00FDF900A04914 /* GRPCNIOTransportHTTP2 in Frameworks */,
				3FF0E69C2DF7E18C00E45E1E /* WhisperKit in Frameworks */,
				3F7F2AB52E011F5B00C6329A /* FirebaseFirestore in Frameworks */,
				3F7F2AB12E011F5B00C6329A /* FirebaseAuth in Frameworks */,
				3F31637B2DF48B2700B3CA0B /* GoogleSignIn in Frameworks */,
				3F7F2AA92E011F5B00C6329A /* FirebaseAI in Frameworks */,
				3F7F2ABB2E011F5B00C6329A /* FirebaseStorage in Frameworks */,
				3F7F2AB92E011F5B00C6329A /* FirebaseRemoteConfig in Frameworks */,
				3F7F2AB72E011F5B00C6329A /* FirebasePerformance in Frameworks */,
				3F7F2AAB2E011F5B00C6329A /* FirebaseAnalytics in Frameworks */,
				3F7F2AAD2E011F5B00C6329A /* FirebaseAnalyticsCore in Frameworks */,
				3F27EE852E01110200CDB10B /* GRPCCodeGen in Frameworks */,
				3FB242192DFE66AB00641883 /* SwiftProtobuf in Frameworks */,
				3F7F2AB32E011F5B00C6329A /* FirebaseCrashlytics in Frameworks */,
				3F7F2ABD2E011F5B00C6329A /* FirebaseVertexAI in Frameworks */,
				3F31637D2DF48B2700B3CA0B /* GoogleSignInSwift in Frameworks */,
				3F7607722E01000600A04914 /* GRPCCore in Frameworks */,
			);
			runOnlyForDeploymentPostprocessing = 0;
		};
		3F3163412DF3F0A000B3CA0B /* Frameworks */ = {
			isa = PBXFrameworksBuildPhase;
			buildActionMask = 2147483647;
			files = (
			);
			runOnlyForDeploymentPostprocessing = 0;
		};
		3F31634B2DF3F0A000B3CA0B /* Frameworks */ = {
			isa = PBXFrameworksBuildPhase;
			buildActionMask = 2147483647;
			files = (
			);
			runOnlyForDeploymentPostprocessing = 0;
		};
/* End PBXFrameworksBuildPhase section */

/* Begin PBXGroup section */
		3F31632B2DF3F09F00B3CA0B = {
			isa = PBXGroup;
			children = (
				3F3163362DF3F09F00B3CA0B /* class-notes-frontend */,
				3F3163472DF3F0A000B3CA0B /* class-notes-frontendTests */,
				3F3163512DF3F0A000B3CA0B /* class-notes-frontendUITests */,
				3FF0E69A2DF7E18C00E45E1E /* Frameworks */,
				3F3163352DF3F09F00B3CA0B /* Products */,
			);
			sourceTree = "<group>";
		};
		3F3163352DF3F09F00B3CA0B /* Products */ = {
			isa = PBXGroup;
			children = (
				3F3163342DF3F09F00B3CA0B /* class-notes-frontend.app */,
				3F3163442DF3F0A000B3CA0B /* class-notes-frontendTests.xctest */,
				3F31634E2DF3F0A000B3CA0B /* class-notes-frontendUITests.xctest */,
			);
			name = Products;
			sourceTree = "<group>";
		};
		3FF0E69A2DF7E18C00E45E1E /* Frameworks */ = {
			isa = PBXGroup;
			children = (
			);
			name = Frameworks;
			sourceTree = "<group>";
		};
/* End PBXGroup section */

/* Begin PBXNativeTarget section */
		3F3163332DF3F09F00B3CA0B /* class-notes-frontend */ = {
			isa = PBXNativeTarget;
			buildConfigurationList = 3F3163582DF3F0A000B3CA0B /* Build configuration list for PBXNativeTarget "class-notes-frontend" */;
			buildPhases = (
				3F3163302DF3F09F00B3CA0B /* Sources */,
				3F3163312DF3F09F00B3CA0B /* Frameworks */,
				3F3163322DF3F09F00B3CA0B /* Resources */,
			);
			buildRules = (
			);
			dependencies = (
			);
			fileSystemSynchronizedGroups = (
				3F3163362DF3F09F00B3CA0B /* class-notes-frontend */,
			);
			name = "class-notes-frontend";
			packageProductDependencies = (
				3F31637A2DF48B2700B3CA0B /* GoogleSignIn */,
				3F31637C2DF48B2700B3CA0B /* GoogleSignInSwift */,
				3FF0E69B2DF7E18C00E45E1E /* WhisperKit */,
				3FB242182DFE66AB00641883 /* SwiftProtobuf */,
				3F76076B2E00FDF900A04914 /* GRPCNIOTransportHTTP2 */,
				3F76076E2E00FE2800A04914 /* GRPCProtobuf */,
				3F7607712E01000600A04914 /* GRPCCore */,
				3F27EE842E01110200CDB10B /* GRPCCodeGen */,
				3F7F2AA62E011E2F00C6329A /* FirebaseMessaging */,
				3F7F2AA82E011F5B00C6329A /* FirebaseAI */,
				3F7F2AAA2E011F5B00C6329A /* FirebaseAnalytics */,
				3F7F2AAC2E011F5B00C6329A /* FirebaseAnalyticsCore */,
				3F7F2AAE2E011F5B00C6329A /* FirebaseAppCheck */,
				3F7F2AB02E011F5B00C6329A /* FirebaseAuth */,
				3F7F2AB22E011F5B00C6329A /* FirebaseCrashlytics */,
				3F7F2AB42E011F5B00C6329A /* FirebaseFirestore */,
				3F7F2AB62E011F5B00C6329A /* FirebasePerformance */,
				3F7F2AB82E011F5B00C6329A /* FirebaseRemoteConfig */,
				3F7F2ABA2E011F5B00C6329A /* FirebaseStorage */,
				3F7F2ABC2E011F5B00C6329A /* FirebaseVertexAI */,
			);
			productName = "class-notes-frontend";
			productReference = 3F3163342DF3F09F00B3CA0B /* class-notes-frontend.app */;
			productType = "com.apple.product-type.application";
		};
		3F3163432DF3F0A000B3CA0B /* class-notes-frontendTests */ = {
			isa = PBXNativeTarget;
			buildConfigurationList = 3F31635B2DF3F0A000B3CA0B /* Build configuration list for PBXNativeTarget "class-notes-frontendTests" */;
			buildPhases = (
				3F3163402DF3F0A000B3CA0B /* Sources */,
				3F3163412DF3F0A000B3CA0B /* Frameworks */,
				3F3163422DF3F0A000B3CA0B /* Resources */,
			);
			buildRules = (
			);
			dependencies = (
				3F3163462DF3F0A000B3CA0B /* PBXTargetDependency */,
			);
			fileSystemSynchronizedGroups = (
				3F3163472DF3F0A000B3CA0B /* class-notes-frontendTests */,
			);
			name = "class-notes-frontendTests";
			packageProductDependencies = (
			);
			productName = "class-notes-frontendTests";
			productReference = 3F3163442DF3F0A000B3CA0B /* class-notes-frontendTests.xctest */;
			productType = "com.apple.product-type.bundle.unit-test";
		};
		3F31634D2DF3F0A000B3CA0B /* class-notes-frontendUITests */ = {
			isa = PBXNativeTarget;
			buildConfigurationList = 3F31635E2DF3F0A000B3CA0B /* Build configuration list for PBXNativeTarget "class-notes-frontendUITests" */;
			buildPhases = (
				3F31634A2DF3F0A000B3CA0B /* Sources */,
				3F31634B2DF3F0A000B3CA0B /* Frameworks */,
				3F31634C2DF3F0A000B3CA0B /* Resources */,
			);
			buildRules = (
			);
			dependencies = (
				3F3163502DF3F0A000B3CA0B /* PBXTargetDependency */,
			);
			fileSystemSynchronizedGroups = (
				3F3163512DF3F0A000B3CA0B /* class-notes-frontendUITests */,
			);
			name = "class-notes-frontendUITests";
			packageProductDependencies = (
			);
			productName = "class-notes-frontendUITests";
			productReference = 3F31634E2DF3F0A000B3CA0B /* class-notes-frontendUITests.xctest */;
			productType = "com.apple.product-type.bundle.ui-testing";
		};
/* End PBXNativeTarget section */

/* Begin PBXProject section */
		3F31632C2DF3F09F00B3CA0B /* Project object */ = {
			isa = PBXProject;
			attributes = {
				BuildIndependentTargetsInParallel = 1;
				LastSwiftUpdateCheck = 1630;
				LastUpgradeCheck = 1630;
				TargetAttributes = {
					3F3163332DF3F09F00B3CA0B = {
						CreatedOnToolsVersion = 16.3;
					};
					3F3163432DF3F0A000B3CA0B = {
						CreatedOnToolsVersion = 16.3;
						TestTargetID = 3F3163332DF3F09F00B3CA0B;
					};
					3F31634D2DF3F0A000B3CA0B = {
						CreatedOnToolsVersion = 16.3;
						TestTargetID = 3F3163332DF3F09F00B3CA0B;
					};
				};
			};
			buildConfigurationList = 3F31632F2DF3F09F00B3CA0B /* Build configuration list for PBXProject "class-notes-frontend" */;
			developmentRegion = en;
			hasScannedForEncodings = 0;
			knownRegions = (
				en,
				Base,
				de,
				he,
				ar,
				el,
				ja,
				es_MX,
				nb,
				es,
				pt_BR,
				da,
				it,
				pt_PT,
				ms,
				cs,
				ko,
				hu,
				pl,
				en_GB,
				fr_CA,
				fr,
				fi,
				id,
				nl,
				pt,
				hr,
				hi,
				ca,
				sv,
				uk,
				tr,
				vi,
				zh_TW,
				ru,
				zh_CN,
				th,
				sk,
				ro,
			);
			mainGroup = 3F31632B2DF3F09F00B3CA0B;
			minimizedProjectReferenceProxies = 1;
			packageReferences = (
				3F3163792DF48B2700B3CA0B /* XCRemoteSwiftPackageReference "GoogleSignIn-iOS" */,
				3F8C8F812DF7DBEB0094D388 /* XCRemoteSwiftPackageReference "KeychainAccess" */,
				3F8C8F822DF7DC500094D388 /* XCRemoteSwiftPackageReference "WhisperKit" */,
				3FB242172DFE66AB00641883 /* XCRemoteSwiftPackageReference "swift-protobuf" */,
				3F76076A2E00FDF900A04914 /* XCRemoteSwiftPackageReference "grpc-swift-nio-transport" */,
				3F76076D2E00FE2800A04914 /* XCRemoteSwiftPackageReference "grpc-swift-protobuf" */,
				3F7607702E01000600A04914 /* XCRemoteSwiftPackageReference "grpc-swift-2" */,
				3F7F2AA52E011E2E00C6329A /* XCRemoteSwiftPackageReference "firebase-ios-sdk" */,
			);
			preferredProjectObjectVersion = 77;
			productRefGroup = 3F3163352DF3F09F00B3CA0B /* Products */;
			projectDirPath = "";
			projectRoot = "";
			targets = (
				3F3163332DF3F09F00B3CA0B /* class-notes-frontend */,
				3F3163432DF3F0A000B3CA0B /* class-notes-frontendTests */,
				3F31634D2DF3F0A000B3CA0B /* class-notes-frontendUITests */,
			);
		};
/* End PBXProject section */

/* Begin PBXResourcesBuildPhase section */
		3F3163322DF3F09F00B3CA0B /* Resources */ = {
			isa = PBXResourcesBuildPhase;
			buildActionMask = 2147483647;
			files = (
			);
			runOnlyForDeploymentPostprocessing = 0;
		};
		3F3163422DF3F0A000B3CA0B /* Resources */ = {
			isa = PBXResourcesBuildPhase;
			buildActionMask = 2147483647;
			files = (
			);
			runOnlyForDeploymentPostprocessing = 0;
		};
		3F31634C2DF3F0A000B3CA0B /* Resources */ = {
			isa = PBXResourcesBuildPhase;
			buildActionMask = 2147483647;
			files = (
			);
			runOnlyForDeploymentPostprocessing = 0;
		};
/* End PBXResourcesBuildPhase section */

/* Begin PBXSourcesBuildPhase section */
		3F3163302DF3F09F00B3CA0B /* Sources */ = {
			isa = PBXSourcesBuildPhase;
			buildActionMask = 2147483647;
			files = (
			);
			runOnlyForDeploymentPostprocessing = 0;
		};
		3F3163402DF3F0A000B3CA0B /* Sources */ = {
			isa = PBXSourcesBuildPhase;
			buildActionMask = 2147483647;
			files = (
			);
			runOnlyForDeploymentPostprocessing = 0;
		};
		3F31634A2DF3F0A000B3CA0B /* Sources */ = {
			isa = PBXSourcesBuildPhase;
			buildActionMask = 2147483647;
			files = (
			);
			runOnlyForDeploymentPostprocessing = 0;
		};
/* End PBXSourcesBuildPhase section */

/* Begin PBXTargetDependency section */
		3F3163462DF3F0A000B3CA0B /* PBXTargetDependency */ = {
			isa = PBXTargetDependency;
			target = 3F3163332DF3F09F00B3CA0B /* class-notes-frontend */;
			targetProxy = 3F3163452DF3F0A000B3CA0B /* PBXContainerItemProxy */;
		};
		3F3163502DF3F0A000B3CA0B /* PBXTargetDependency */ = {
			isa = PBXTargetDependency;
			target = 3F3163332DF3F09F00B3CA0B /* class-notes-frontend */;
			targetProxy = 3F31634F2DF3F0A000B3CA0B /* PBXContainerItemProxy */;
		};
/* End PBXTargetDependency section */

/* Begin XCBuildConfiguration section */
		3F3163562DF3F0A000B3CA0B /* Debug */ = {
			isa = XCBuildConfiguration;
			buildSettings = {
				ALWAYS_SEARCH_USER_PATHS = NO;
				ASSETCATALOG_COMPILER_GENERATE_SWIFT_ASSET_SYMBOL_EXTENSIONS = YES;
				CLANG_ANALYZER_NONNULL = YES;
				CLANG_ANALYZER_NUMBER_OBJECT_CONVERSION = YES_AGGRESSIVE;
				CLANG_CXX_LANGUAGE_STANDARD = "gnu++20";
				CLANG_ENABLE_MODULES = YES;
				CLANG_ENABLE_OBJC_ARC = YES;
				CLANG_ENABLE_OBJC_WEAK = YES;
				CLANG_WARN_BLOCK_CAPTURE_AUTORELEASING = YES;
				CLANG_WARN_BOOL_CONVERSION = YES;
				CLANG_WARN_COMMA = YES;
				CLANG_WARN_CONSTANT_CONVERSION = YES;
				CLANG_WARN_DEPRECATED_OBJC_IMPLEMENTATIONS = YES;
				CLANG_WARN_DIRECT_OBJC_ISA_USAGE = YES_ERROR;
				CLANG_WARN_DOCUMENTATION_COMMENTS = YES;
				CLANG_WARN_EMPTY_BODY = YES;
				CLANG_WARN_ENUM_CONVERSION = YES;
				CLANG_WARN_INFINITE_RECURSION = YES;
				CLANG_WARN_INT_CONVERSION = YES;
				CLANG_WARN_NON_LITERAL_NULL_CONVERSION = YES;
				CLANG_WARN_OBJC_IMPLICIT_RETAIN_SELF = YES;
				CLANG_WARN_OBJC_LITERAL_CONVERSION = YES;
				CLANG_WARN_OBJC_ROOT_CLASS = YES_ERROR;
				CLANG_WARN_QUOTED_INCLUDE_IN_FRAMEWORK_HEADER = YES;
				CLANG_WARN_RANGE_LOOP_ANALYSIS = YES;
				CLANG_WARN_STRICT_PROTOTYPES = YES;
				CLANG_WARN_SUSPICIOUS_MOVE = YES;
				CLANG_WARN_UNGUARDED_AVAILABILITY = YES_AGGRESSIVE;
				CLANG_WARN_UNREACHABLE_CODE = YES;
				CLANG_WARN__DUPLICATE_METHOD_MATCH = YES;
				COPY_PHASE_STRIP = NO;
				DEBUG_INFORMATION_FORMAT = dwarf;
				ENABLE_STRICT_OBJC_MSGSEND = YES;
				ENABLE_TESTABILITY = YES;
				ENABLE_USER_SCRIPT_SANDBOXING = YES;
				GCC_C_LANGUAGE_STANDARD = gnu17;
				GCC_DYNAMIC_NO_PIC = NO;
				GCC_NO_COMMON_BLOCKS = YES;
				GCC_OPTIMIZATION_LEVEL = 0;
				GCC_PREPROCESSOR_DEFINITIONS = (
					"DEBUG=1",
					"$(inherited)",
				);
				GCC_WARN_64_TO_32_BIT_CONVERSION = YES;
				GCC_WARN_ABOUT_RETURN_TYPE = YES_ERROR;
				GCC_WARN_UNDECLARED_SELECTOR = YES;
				GCC_WARN_UNINITIALIZED_AUTOS = YES_AGGRESSIVE;
				GCC_WARN_UNUSED_FUNCTION = YES;
				GCC_WARN_UNUSED_VARIABLE = YES;
				IPHONEOS_DEPLOYMENT_TARGET = 18.0;
				LOCALIZATION_PREFERS_STRING_CATALOGS = YES;
				MTL_ENABLE_DEBUG_INFO = INCLUDE_SOURCE;
				MTL_FAST_MATH = YES;
				ONLY_ACTIVE_ARCH = YES;
				SWIFT_ACTIVE_COMPILATION_CONDITIONS = "DEBUG $(inherited)";
				SWIFT_OPTIMIZATION_LEVEL = "-Onone";
			};
			name = Debug;
		};
		3F3163572DF3F0A000B3CA0B /* Release */ = {
			isa = XCBuildConfiguration;
			buildSettings = {
				ALWAYS_SEARCH_USER_PATHS = NO;
				ASSETCATALOG_COMPILER_GENERATE_SWIFT_ASSET_SYMBOL_EXTENSIONS = YES;
				CLANG_ANALYZER_NONNULL = YES;
				CLANG_ANALYZER_NUMBER_OBJECT_CONVERSION = YES_AGGRESSIVE;
				CLANG_CXX_LANGUAGE_STANDARD = "gnu++20";
				CLANG_ENABLE_MODULES = YES;
				CLANG_ENABLE_OBJC_ARC = YES;
				CLANG_ENABLE_OBJC_WEAK = YES;
				CLANG_WARN_BLOCK_CAPTURE_AUTORELEASING = YES;
				CLANG_WARN_BOOL_CONVERSION = YES;
				CLANG_WARN_COMMA = YES;
				CLANG_WARN_CONSTANT_CONVERSION = YES;
				CLANG_WARN_DEPRECATED_OBJC_IMPLEMENTATIONS = YES;
				CLANG_WARN_DIRECT_OBJC_ISA_USAGE = YES_ERROR;
				CLANG_WARN_DOCUMENTATION_COMMENTS = YES;
				CLANG_WARN_EMPTY_BODY = YES;
				CLANG_WARN_ENUM_CONVERSION = YES;
				CLANG_WARN_INFINITE_RECURSION = YES;
				CLANG_WARN_INT_CONVERSION = YES;
				CLANG_WARN_NON_LITERAL_NULL_CONVERSION = YES;
				CLANG_WARN_OBJC_IMPLICIT_RETAIN_SELF = YES;
				CLANG_WARN_OBJC_LITERAL_CONVERSION = YES;
				CLANG_WARN_OBJC_ROOT_CLASS = YES_ERROR;
				CLANG_WARN_QUOTED_INCLUDE_IN_FRAMEWORK_HEADER = YES;
				CLANG_WARN_RANGE_LOOP_ANALYSIS = YES;
				CLANG_WARN_STRICT_PROTOTYPES = YES;
				CLANG_WARN_SUSPICIOUS_MOVE = YES;
				CLANG_WARN_UNGUARDED_AVAILABILITY = YES_AGGRESSIVE;
				CLANG_WARN_UNREACHABLE_CODE = YES;
				CLANG_WARN__DUPLICATE_METHOD_MATCH = YES;
				COPY_PHASE_STRIP = NO;
				DEBUG_INFORMATION_FORMAT = "dwarf-with-dsym";
				ENABLE_NS_ASSERTIONS = NO;
				ENABLE_STRICT_OBJC_MSGSEND = YES;
				ENABLE_USER_SCRIPT_SANDBOXING = YES;
				GCC_C_LANGUAGE_STANDARD = gnu17;
				GCC_NO_COMMON_BLOCKS = YES;
				GCC_WARN_64_TO_32_BIT_CONVERSION = YES;
				GCC_WARN_ABOUT_RETURN_TYPE = YES_ERROR;
				GCC_WARN_UNDECLARED_SELECTOR = YES;
				GCC_WARN_UNINITIALIZED_AUTOS = YES_AGGRESSIVE;
				GCC_WARN_UNUSED_FUNCTION = YES;
				GCC_WARN_UNUSED_VARIABLE = YES;
				IPHONEOS_DEPLOYMENT_TARGET = 18.0;
				LOCALIZATION_PREFERS_STRING_CATALOGS = YES;
				MTL_ENABLE_DEBUG_INFO = NO;
				MTL_FAST_MATH = YES;
				SWIFT_COMPILATION_MODE = wholemodule;
			};
			name = Release;
		};
		3F3163592DF3F0A000B3CA0B /* Debug */ = {
			isa = XCBuildConfiguration;
			buildSettings = {
				ASSETCATALOG_COMPILER_APPICON_NAME = AppIcon;
				ASSETCATALOG_COMPILER_GLOBAL_ACCENT_COLOR_NAME = AccentColor;
				CODE_SIGN_ENTITLEMENTS = "class-notes-frontend/class_notes_frontend.entitlements";
				CODE_SIGN_STYLE = Automatic;
				CURRENT_PROJECT_VERSION = 1;
				DEVELOPMENT_TEAM = GHK224XS3G;
				ENABLE_PREVIEWS = YES;
				GENERATE_INFOPLIST_FILE = YES;
				INFOPLIST_FILE = "class-notes-frontend/Info.plist";
				INFOPLIST_KEY_NSMicrophoneUsageDescription = "Class Notes needs access to your microphone to record and transcribe lectures in real-time.";
				INFOPLIST_KEY_NSSpeechRecognitionUsageDescription = "Class Notes uses speech recognition to convert your recordings into text.";
				"INFOPLIST_KEY_UIApplicationSceneManifest_Generation[sdk=iphoneos*]" = YES;
				"INFOPLIST_KEY_UIApplicationSceneManifest_Generation[sdk=iphonesimulator*]" = YES;
				"INFOPLIST_KEY_UIApplicationSupportsIndirectInputEvents[sdk=iphoneos*]" = YES;
				"INFOPLIST_KEY_UIApplicationSupportsIndirectInputEvents[sdk=iphonesimulator*]" = YES;
				"INFOPLIST_KEY_UILaunchScreen_Generation[sdk=iphoneos*]" = YES;
				"INFOPLIST_KEY_UILaunchScreen_Generation[sdk=iphonesimulator*]" = YES;
				"INFOPLIST_KEY_UIStatusBarStyle[sdk=iphoneos*]" = UIStatusBarStyleDefault;
				"INFOPLIST_KEY_UIStatusBarStyle[sdk=iphonesimulator*]" = UIStatusBarStyleDefault;
				INFOPLIST_KEY_UISupportedInterfaceOrientations_iPad = "UIInterfaceOrientationPortrait UIInterfaceOrientationPortraitUpsideDown UIInterfaceOrientationLandscapeLeft UIInterfaceOrientationLandscapeRight";
				INFOPLIST_KEY_UISupportedInterfaceOrientations_iPhone = "UIInterfaceOrientationPortrait UIInterfaceOrientationLandscapeLeft UIInterfaceOrientationLandscapeRight";
				IPHONEOS_DEPLOYMENT_TARGET = 18.4;
				LD_RUNPATH_SEARCH_PATHS = "@executable_path/Frameworks";
				"LD_RUNPATH_SEARCH_PATHS[sdk=macosx*]" = "@executable_path/../Frameworks";
				LIBRARY_SEARCH_PATHS = (
					"$(inherited)",
					"$(PROJECT_DIR)/class-notes-frontend/.build/checkouts/firebase-ios-sdk/Crashlytics/UnitTests/Data",
					"$(PROJECT_DIR)/class-notes-frontend/.build/checkouts/firebase-ios-sdk/Crashlytics/UnitTests/FIRCLSMachO/machO_data",
				);
				MARKETING_VERSION = 1.0;
				PRODUCT_BUNDLE_IDENTIFIER = "Scriblo.class-notes-frontend";
				PRODUCT_NAME = "$(TARGET_NAME)";
				REGISTER_APP_GROUPS = YES;
				SDKROOT = iphoneos;
				SUPPORTED_PLATFORMS = "iphoneos iphonesimulator";
				SWIFT_EMIT_LOC_STRINGS = YES;
				SWIFT_VERSION = 5.0;
				TARGETED_DEVICE_FAMILY = 2;
			};
			name = Debug;
		};
		3F31635A2DF3F0A000B3CA0B /* Release */ = {
			isa = XCBuildConfiguration;
			buildSettings = {
				ASSETCATALOG_COMPILER_APPICON_NAME = AppIcon;
				ASSETCATALOG_COMPILER_GLOBAL_ACCENT_COLOR_NAME = AccentColor;
				CODE_SIGN_ENTITLEMENTS = "class-notes-frontend/class_notes_frontend.entitlements";
				CODE_SIGN_STYLE = Automatic;
				CURRENT_PROJECT_VERSION = 1;
				DEVELOPMENT_TEAM = GHK224XS3G;
				ENABLE_PREVIEWS = YES;
				GENERATE_INFOPLIST_FILE = YES;
				INFOPLIST_FILE = "class-notes-frontend/Info.plist";
				INFOPLIST_KEY_NSMicrophoneUsageDescription = "Class Notes needs access to your microphone to record and transcribe lectures in real-time.";
				INFOPLIST_KEY_NSSpeechRecognitionUsageDescription = "Class Notes uses speech recognition to convert your recordings into text.";
				"INFOPLIST_KEY_UIApplicationSceneManifest_Generation[sdk=iphoneos*]" = YES;
				"INFOPLIST_KEY_UIApplicationSceneManifest_Generation[sdk=iphonesimulator*]" = YES;
				"INFOPLIST_KEY_UIApplicationSupportsIndirectInputEvents[sdk=iphoneos*]" = YES;
				"INFOPLIST_KEY_UIApplicationSupportsIndirectInputEvents[sdk=iphonesimulator*]" = YES;
				"INFOPLIST_KEY_UILaunchScreen_Generation[sdk=iphoneos*]" = YES;
				"INFOPLIST_KEY_UILaunchScreen_Generation[sdk=iphonesimulator*]" = YES;
				"INFOPLIST_KEY_UIStatusBarStyle[sdk=iphoneos*]" = UIStatusBarStyleDefault;
				"INFOPLIST_KEY_UIStatusBarStyle[sdk=iphonesimulator*]" = UIStatusBarStyleDefault;
				INFOPLIST_KEY_UISupportedInterfaceOrientations_iPad = "UIInterfaceOrientationPortrait UIInterfaceOrientationPortraitUpsideDown UIInterfaceOrientationLandscapeLeft UIInterfaceOrientationLandscapeRight";
				INFOPLIST_KEY_UISupportedInterfaceOrientations_iPhone = "UIInterfaceOrientationPortrait UIInterfaceOrientationLandscapeLeft UIInterfaceOrientationLandscapeRight";
				IPHONEOS_DEPLOYMENT_TARGET = 18.4;
				LD_RUNPATH_SEARCH_PATHS = "@executable_path/Frameworks";
				"LD_RUNPATH_SEARCH_PATHS[sdk=macosx*]" = "@executable_path/../Frameworks";
				LIBRARY_SEARCH_PATHS = (
					"$(inherited)",
					"$(PROJECT_DIR)/class-notes-frontend/.build/checkouts/firebase-ios-sdk/Crashlytics/UnitTests/Data",
					"$(PROJECT_DIR)/class-notes-frontend/.build/checkouts/firebase-ios-sdk/Crashlytics/UnitTests/FIRCLSMachO/machO_data",
				);
				MARKETING_VERSION = 1.0;
				PRODUCT_BUNDLE_IDENTIFIER = "Scriblo.class-notes-frontend";
				PRODUCT_NAME = "$(TARGET_NAME)";
				REGISTER_APP_GROUPS = YES;
				SDKROOT = iphoneos;
				SUPPORTED_PLATFORMS = "iphoneos iphonesimulator";
				SWIFT_EMIT_LOC_STRINGS = YES;
				SWIFT_VERSION = 5.0;
				TARGETED_DEVICE_FAMILY = 2;
			};
			name = Release;
		};
		3F31635C2DF3F0A000B3CA0B /* Debug */ = {
			isa = XCBuildConfiguration;
			buildSettings = {
				BUNDLE_LOADER = "$(TEST_HOST)";
				CODE_SIGN_STYLE = Automatic;
				CURRENT_PROJECT_VERSION = 1;
				GENERATE_INFOPLIST_FILE = YES;
				IPHONEOS_DEPLOYMENT_TARGET = 18.4;
				MARKETING_VERSION = 1.0;
				PRODUCT_BUNDLE_IDENTIFIER = "Scriblo.class-notes-frontendTests";
				PRODUCT_NAME = "$(TARGET_NAME)";
				SDKROOT = iphoneos;
				SUPPORTED_PLATFORMS = "iphoneos iphonesimulator";
				SWIFT_EMIT_LOC_STRINGS = NO;
				SWIFT_VERSION = 5.0;
				TARGETED_DEVICE_FAMILY = 2;
				TEST_HOST = "$(BUILT_PRODUCTS_DIR)/class-notes-frontend.app/$(BUNDLE_EXECUTABLE_FOLDER_PATH)/class-notes-frontend";
			};
			name = Debug;
		};
		3F31635D2DF3F0A000B3CA0B /* Release */ = {
			isa = XCBuildConfiguration;
			buildSettings = {
				BUNDLE_LOADER = "$(TEST_HOST)";
				CODE_SIGN_STYLE = Automatic;
				CURRENT_PROJECT_VERSION = 1;
				GENERATE_INFOPLIST_FILE = YES;
				IPHONEOS_DEPLOYMENT_TARGET = 18.4;
				MARKETING_VERSION = 1.0;
				PRODUCT_BUNDLE_IDENTIFIER = "Scriblo.class-notes-frontendTests";
				PRODUCT_NAME = "$(TARGET_NAME)";
				SDKROOT = iphoneos;
				SUPPORTED_PLATFORMS = "iphoneos iphonesimulator";
				SWIFT_EMIT_LOC_STRINGS = NO;
				SWIFT_VERSION = 5.0;
				TARGETED_DEVICE_FAMILY = 2;
				TEST_HOST = "$(BUILT_PRODUCTS_DIR)/class-notes-frontend.app/$(BUNDLE_EXECUTABLE_FOLDER_PATH)/class-notes-frontend";
			};
			name = Release;
		};
		3F31635F2DF3F0A000B3CA0B /* Debug */ = {
			isa = XCBuildConfiguration;
			buildSettings = {
				CODE_SIGN_STYLE = Automatic;
				CURRENT_PROJECT_VERSION = 1;
				GENERATE_INFOPLIST_FILE = YES;
				IPHONEOS_DEPLOYMENT_TARGET = 18.4;
				MARKETING_VERSION = 1.0;
				PRODUCT_BUNDLE_IDENTIFIER = "Scriblo.class-notes-frontendUITests";
				PRODUCT_NAME = "$(TARGET_NAME)";
				SDKROOT = iphoneos;
				SUPPORTED_PLATFORMS = "iphoneos iphonesimulator";
				SWIFT_EMIT_LOC_STRINGS = NO;
				SWIFT_VERSION = 5.0;
				TARGETED_DEVICE_FAMILY = 2;
				TEST_TARGET_NAME = "class-notes-frontend";
			};
			name = Debug;
		};
		3F3163602DF3F0A000B3CA0B /* Release */ = {
			isa = XCBuildConfiguration;
			buildSettings = {
				CODE_SIGN_STYLE = Automatic;
				CURRENT_PROJECT_VERSION = 1;
				GENERATE_INFOPLIST_FILE = YES;
				IPHONEOS_DEPLOYMENT_TARGET = 18.4;
				MARKETING_VERSION = 1.0;
				PRODUCT_BUNDLE_IDENTIFIER = "Scriblo.class-notes-frontendUITests";
				PRODUCT_NAME = "$(TARGET_NAME)";
				SDKROOT = iphoneos;
				SUPPORTED_PLATFORMS = "iphoneos iphonesimulator";
				SWIFT_EMIT_LOC_STRINGS = NO;
				SWIFT_VERSION = 5.0;
				TARGETED_DEVICE_FAMILY = 2;
				TEST_TARGET_NAME = "class-notes-frontend";
			};
			name = Release;
		};
/* End XCBuildConfiguration section */

/* Begin XCConfigurationList section */
		3F31632F2DF3F09F00B3CA0B /* Build configuration list for PBXProject "class-notes-frontend" */ = {
			isa = XCConfigurationList;
			buildConfigurations = (
				3F3163562DF3F0A000B3CA0B /* Debug */,
				3F3163572DF3F0A000B3CA0B /* Release */,
			);
			defaultConfigurationIsVisible = 0;
			defaultConfigurationName = Release;
		};
		3F3163582DF3F0A000B3CA0B /* Build configuration list for PBXNativeTarget "class-notes-frontend" */ = {
			isa = XCConfigurationList;
			buildConfigurations = (
				3F3163592DF3F0A000B3CA0B /* Debug */,
				3F31635A2DF3F0A000B3CA0B /* Release */,
			);
			defaultConfigurationIsVisible = 0;
			defaultConfigurationName = Release;
		};
		3F31635B2DF3F0A000B3CA0B /* Build configuration list for PBXNativeTarget "class-notes-frontendTests" */ = {
			isa = XCConfigurationList;
			buildConfigurations = (
				3F31635C2DF3F0A000B3CA0B /* Debug */,
				3F31635D2DF3F0A000B3CA0B /* Release */,
			);
			defaultConfigurationIsVisible = 0;
			defaultConfigurationName = Release;
		};
		3F31635E2DF3F0A000B3CA0B /* Build configuration list for PBXNativeTarget "class-notes-frontendUITests" */ = {
			isa = XCConfigurationList;
			buildConfigurations = (
				3F31635F2DF3F0A000B3CA0B /* Debug */,
				3F3163602DF3F0A000B3CA0B /* Release */,
			);
			defaultConfigurationIsVisible = 0;
			defaultConfigurationName = Release;
		};
/* End XCConfigurationList section */

/* Begin XCRemoteSwiftPackageReference section */
		3F3163792DF48B2700B3CA0B /* XCRemoteSwiftPackageReference "GoogleSignIn-iOS" */ = {
			isa = XCRemoteSwiftPackageReference;
			repositoryURL = "https://github.com/google/GoogleSignIn-iOS";
			requirement = {
				kind = upToNextMajorVersion;
				minimumVersion = 8.0.0;
			};
		};
		3F76076A2E00FDF900A04914 /* XCRemoteSwiftPackageReference "grpc-swift-nio-transport" */ = {
			isa = XCRemoteSwiftPackageReference;
			repositoryURL = "https://github.com/grpc/grpc-swift-nio-transport";
			requirement = {
				kind = upToNextMajorVersion;
				minimumVersion = 2.0.0;
			};
		};
		3F76076D2E00FE2800A04914 /* XCRemoteSwiftPackageReference "grpc-swift-protobuf" */ = {
			isa = XCRemoteSwiftPackageReference;
			repositoryURL = "https://github.com/grpc/grpc-swift-protobuf";
			requirement = {
				kind = upToNextMajorVersion;
				minimumVersion = 2.0.0;
			};
		};
		3F7607702E01000600A04914 /* XCRemoteSwiftPackageReference "grpc-swift-2" */ = {
			isa = XCRemoteSwiftPackageReference;
			repositoryURL = "https://github.com/grpc/grpc-swift-2.git";
			requirement = {
				kind = upToNextMajorVersion;
				minimumVersion = 2.0.0;
			};
		};
		3F7F2AA52E011E2E00C6329A /* XCRemoteSwiftPackageReference "firebase-ios-sdk" */ = {
			isa = XCRemoteSwiftPackageReference;
			repositoryURL = "https://github.com/firebase/firebase-ios-sdk.git";
			requirement = {
				kind = upToNextMajorVersion;
				minimumVersion = 11.14.0;
			};
		};
		3F8C8F812DF7DBEB0094D388 /* XCRemoteSwiftPackageReference "KeychainAccess" */ = {
			isa = XCRemoteSwiftPackageReference;
			repositoryURL = "https://github.com/kishikawakatsumi/KeychainAccess.git";
			requirement = {
				branch = master;
				kind = branch;
			};
		};
		3F8C8F822DF7DC500094D388 /* XCRemoteSwiftPackageReference "WhisperKit" */ = {
			isa = XCRemoteSwiftPackageReference;
			repositoryURL = "https://github.com/argmaxinc/WhisperKit.git";
			requirement = {
				branch = main;
				kind = branch;
			};
		};
		3FB242172DFE66AB00641883 /* XCRemoteSwiftPackageReference "swift-protobuf" */ = {
			isa = XCRemoteSwiftPackageReference;
			repositoryURL = "https://github.com/apple/swift-protobuf.git";
			requirement = {
				kind = upToNextMajorVersion;
				minimumVersion = 1.30.0;
			};
		};
/* End XCRemoteSwiftPackageReference section */

/* Begin XCSwiftPackageProductDependency section */
		3F27EE842E01110200CDB10B /* GRPCCodeGen */ = {
			isa = XCSwiftPackageProductDependency;
			package = 3F7607702E01000600A04914 /* XCRemoteSwiftPackageReference "grpc-swift-2" */;
			productName = GRPCCodeGen;
		};
		3F31637A2DF48B2700B3CA0B /* GoogleSignIn */ = {
			isa = XCSwiftPackageProductDependency;
			package = 3F3163792DF48B2700B3CA0B /* XCRemoteSwiftPackageReference "GoogleSignIn-iOS" */;
			productName = GoogleSignIn;
		};
		3F31637C2DF48B2700B3CA0B /* GoogleSignInSwift */ = {
			isa = XCSwiftPackageProductDependency;
			package = 3F3163792DF48B2700B3CA0B /* XCRemoteSwiftPackageReference "GoogleSignIn-iOS" */;
			productName = GoogleSignInSwift;
		};
		3F76076B2E00FDF900A04914 /* GRPCNIOTransportHTTP2 */ = {
			isa = XCSwiftPackageProductDependency;
			package = 3F76076A2E00FDF900A04914 /* XCRemoteSwiftPackageReference "grpc-swift-nio-transport" */;
			productName = GRPCNIOTransportHTTP2;
		};
		3F76076E2E00FE2800A04914 /* GRPCProtobuf */ = {
			isa = XCSwiftPackageProductDependency;
			package = 3F76076D2E00FE2800A04914 /* XCRemoteSwiftPackageReference "grpc-swift-protobuf" */;
			productName = GRPCProtobuf;
		};
		3F7607712E01000600A04914 /* GRPCCore */ = {
			isa = XCSwiftPackageProductDependency;
			package = 3F7607702E01000600A04914 /* XCRemoteSwiftPackageReference "grpc-swift-2" */;
			productName = GRPCCore;
		};
		3F7F2AA62E011E2F00C6329A /* FirebaseMessaging */ = {
			isa = XCSwiftPackageProductDependency;
			package = 3F7F2AA52E011E2E00C6329A /* XCRemoteSwiftPackageReference "firebase-ios-sdk" */;
			productName = FirebaseMessaging;
		};
		3F7F2AA82E011F5B00C6329A /* FirebaseAI */ = {
			isa = XCSwiftPackageProductDependency;
			package = 3F7F2AA52E011E2E00C6329A /* XCRemoteSwiftPackageReference "firebase-ios-sdk" */;
			productName = FirebaseAI;
		};
		3F7F2AAA2E011F5B00C6329A /* FirebaseAnalytics */ = {
			isa = XCSwiftPackageProductDependency;
			package = 3F7F2AA52E011E2E00C6329A /* XCRemoteSwiftPackageReference "firebase-ios-sdk" */;
			productName = FirebaseAnalytics;
		};
		3F7F2AAC2E011F5B00C6329A /* FirebaseAnalyticsCore */ = {
			isa = XCSwiftPackageProductDependency;
			package = 3F7F2AA52E011E2E00C6329A /* XCRemoteSwiftPackageReference "firebase-ios-sdk" */;
			productName = FirebaseAnalyticsCore;
		};
		3F7F2AAE2E011F5B00C6329A /* FirebaseAppCheck */ = {
			isa = XCSwiftPackageProductDependency;
			package = 3F7F2AA52E011E2E00C6329A /* XCRemoteSwiftPackageReference "firebase-ios-sdk" */;
			productName = FirebaseAppCheck;
		};
		3F7F2AB02E011F5B00C6329A /* FirebaseAuth */ = {
			isa = XCSwiftPackageProductDependency;
			package = 3F7F2AA52E011E2E00C6329A /* XCRemoteSwiftPackageReference "firebase-ios-sdk" */;
			productName = FirebaseAuth;
		};
		3F7F2AB22E011F5B00C6329A /* FirebaseCrashlytics */ = {
			isa = XCSwiftPackageProductDependency;
			package = 3F7F2AA52E011E2E00C6329A /* XCRemoteSwiftPackageReference "firebase-ios-sdk" */;
			productName = FirebaseCrashlytics;
		};
		3F7F2AB42E011F5B00C6329A /* FirebaseFirestore */ = {
			isa = XCSwiftPackageProductDependency;
			package = 3F7F2AA52E011E2E00C6329A /* XCRemoteSwiftPackageReference "firebase-ios-sdk" */;
			productName = FirebaseFirestore;
		};
		3F7F2AB62E011F5B00C6329A /* FirebasePerformance */ = {
			isa = XCSwiftPackageProductDependency;
			package = 3F7F2AA52E011E2E00C6329A /* XCRemoteSwiftPackageReference "firebase-ios-sdk" */;
			productName = FirebasePerformance;
		};
		3F7F2AB82E011F5B00C6329A /* FirebaseRemoteConfig */ = {
			isa = XCSwiftPackageProductDependency;
			package = 3F7F2AA52E011E2E00C6329A /* XCRemoteSwiftPackageReference "firebase-ios-sdk" */;
			productName = FirebaseRemoteConfig;
		};
		3F7F2ABA2E011F5B00C6329A /* FirebaseStorage */ = {
			isa = XCSwiftPackageProductDependency;
			package = 3F7F2AA52E011E2E00C6329A /* XCRemoteSwiftPackageReference "firebase-ios-sdk" */;
			productName = FirebaseStorage;
		};
		3F7F2ABC2E011F5B00C6329A /* FirebaseVertexAI */ = {
			isa = XCSwiftPackageProductDependency;
			package = 3F7F2AA52E011E2E00C6329A /* XCRemoteSwiftPackageReference "firebase-ios-sdk" */;
			productName = FirebaseVertexAI;
		};
		3FB242182DFE66AB00641883 /* SwiftProtobuf */ = {
			isa = XCSwiftPackageProductDependency;
			package = 3FB242172DFE66AB00641883 /* XCRemoteSwiftPackageReference "swift-protobuf" */;
			productName = SwiftProtobuf;
		};
		3FF0E69B2DF7E18C00E45E1E /* WhisperKit */ = {
			isa = XCSwiftPackageProductDependency;
			package = 3F8C8F822DF7DC500094D388 /* XCRemoteSwiftPackageReference "WhisperKit" */;
			productName = WhisperKit;
		};
/* End XCSwiftPackageProductDependency section */
	};
	rootObject = 3F31632C2DF3F09F00B3CA0B /* Project object */;
}
